
Microsoft Visual Studio Solution File, Format Version 12.00
# Visual Studio Version 16
VisualStudioVersion = 16.0.30002.166
MinimumVisualStudioVersion = 10.0.40219.1
Project("{2150E333-8FDC-42A3-9474-1A3956D46DE8}") = "Framework", "Framework", "{785E24E3-7E66-427C-B387-3984C381F111}"
EndProject
Project("{2150E333-8FDC-42A3-9474-1A3956D46DE8}") = "UnitTests", "UnitTests", "{1B269B1F-DA50-4BF8-A6BD-C49255C41388}"
EndProject
Project("{2150E333-8FDC-42A3-9474-1A3956D46DE8}") = "VGP242", "VGP242", "{76EE3A8A-A913-4CEE-8852-4B04510615B1}"
EndProject
Project("{2150E333-8FDC-42A3-9474-1A3956D46DE8}") = "Engine", "Engine", "{53380562-4A72-463B-97C7-0E2CCAA823DE}"
EndProject
Project("{8BC9CEB8-8B4A-11D0-8D11-00A0C91BC942}") = "Core", "Framework\Core\Core.vcxproj", "{51BBFB0E-8189-4062-A37C-C7D12F36D63E}"
EndProject
Project("{8BC9CEB8-8B4A-11D0-8D11-00A0C91BC942}") = "Math", "Framework\Math\Math.vcxproj", "{493B0904-9B79-45E6-9323-F432BDADFF0A}"
EndProject
Project("{8BC9CEB8-8B4A-11D0-8D11-00A0C91BC942}") = "MathTest", "UnitTests\MathTest\MathTest.vcxproj", "{731538ED-9773-47EF-B5CD-3EF63A875FE2}"
EndProject
Project("{8BC9CEB8-8B4A-11D0-8D11-00A0C91BC942}") = "01_HelloWindow", "VGP242\01_HelloWindow\01_HelloWindow.vcxproj", "{AEE2C1E5-EA0E-4A11-BC99-F970270FB61A}"
EndProject
Project("{8BC9CEB8-8B4A-11D0-8D11-00A0C91BC942}") = "MAGEEngine", "Engine\MAGEEngine\MAGEEngine.vcxproj", "{80F59B4F-B569-45B1-B38C-59698EAF47D2}"
EndProject
Project("{2150E333-8FDC-42A3-9474-1A3956D46DE8}") = "External", "External", "{62AC3621-B44C-4A40-AB56-D9D3F5875CDF}"
EndProject
Project("{8BC9CEB8-8B4A-11D0-8D11-00A0C91BC942}") = "Graphics", "Framework\Graphics\Graphics.vcxproj", "{06E6ABDE-CF57-4616-A611-454834E8C04A}"
EndProject
Project("{8BC9CEB8-8B4A-11D0-8D11-00A0C91BC942}") = "Input", "Framework\Input\Input.vcxproj", "{02DC0CE5-72DF-4F89-8AF2-FF9C0E351A1A}"
EndProject
Project("{8BC9CEB8-8B4A-11D0-8D11-00A0C91BC942}") = "02_HelloDirectX", "VGP242\02_HelloDirectX\02_HelloDirectX.vcxproj", "{8AB329B4-B688-4CDF-95A8-B5DB14A4D463}"
EndProject
Project("{8BC9CEB8-8B4A-11D0-8D11-00A0C91BC942}") = "03_HelloTriangle", "VGP242\03_HelloTriangle\03_HelloTriangle.vcxproj", "{AAE2BCFA-0CDB-4DDB-AAB5-4A6AE9155441}"
EndProject
Project("{2150E333-8FDC-42A3-9474-1A3956D46DE8}") = "Assets", "Assets", "{22AA661F-498E-45E0-A5DD-1FA8C3CE06AF}"
EndProject
Project("{2150E333-8FDC-42A3-9474-1A3956D46DE8}") = "Shaders", "Shaders", "{5D45FD1D-1324-4E75-8B09-254BF134A92B}"
	ProjectSection(SolutionItems) = preProject
		Assets\Shaders\DepthMap.fx = Assets\Shaders\DepthMap.fx
		Assets\Shaders\DoGouraudShading.fx = Assets\Shaders\DoGouraudShading.fx
		Assets\Shaders\DoNothing.fx = Assets\Shaders\DoNothing.fx
		Assets\Shaders\DoPhongShading.fx = Assets\Shaders\DoPhongShading.fx
		DoSomething.fx = DoSomething.fx
		Assets\Shaders\DoTexturing.fx = Assets\Shaders\DoTexturing.fx
		Assets\Shaders\DoTransform.fx = Assets\Shaders\DoTransform.fx
		Assets\Shaders\Earth.fx = Assets\Shaders\Earth.fx
		Assets\Shaders\PostProcessing.fx = Assets\Shaders\PostProcessing.fx
		Assets\Shaders\SimpleDraw.fx = Assets\Shaders\SimpleDraw.fx
		Assets\Shaders\Standard.fx = Assets\Shaders\Standard.fx
		Assets\Shaders\Terrain.fx = Assets\Shaders\Terrain.fx
	EndProjectSection
EndProject
Project("{8BC9CEB8-8B4A-11D0-8D11-00A0C91BC942}") = "04_HelloShapes", "VGP242\04_HelloShapes\04_HelloShapes.vcxproj", "{1D6B4F05-1CEB-4F31-904A-8165C64F67F8}"
EndProject
Project("{8BC9CEB8-8B4A-11D0-8D11-00A0C91BC942}") = "05_HelloCube", "VGP242\05_HelloCube\05_HelloCube.vcxproj", "{4255380D-F24D-47C0-9D9D-55F607315C08}"
EndProject
Project("{8BC9CEB8-8B4A-11D0-8D11-00A0C91BC942}") = "06_HelloTexturing", "VGP242\06_HelloTexturing\06_HelloTexturing.vcxproj", "{092CA424-2824-4FF2-B439-59AB5BC3C82C}"
EndProject
Project("{8BC9CEB8-8B4A-11D0-8D11-00A0C91BC942}") = "07_HelloSolarSystem", "VGP242\07_HelloSolarSystem\07_HelloSolarSystem.vcxproj", "{B214CB4C-CFA8-4CED-8115-CA4D2DF0A050}"
EndProject
Project("{2150E333-8FDC-42A3-9474-1A3956D46DE8}") = "VGP330", "VGP330", "{436B3B8E-522B-4E4A-97C9-9344F9D2FB2E}"
	ProjectSection(SolutionItems) = preProject
		Notes.txt = Notes.txt
	EndProjectSection
EndProject
Project("{8BC9CEB8-8B4A-11D0-8D11-00A0C91BC942}") = "ImGui", "External\ImGui\ImGui.vcxproj", "{A8E2E27E-2654-4B7B-85AB-38B7B8F817D6}"
EndProject
Project("{8BC9CEB8-8B4A-11D0-8D11-00A0C91BC942}") = "08_HelloSimpleDraw", "VGP330\08_HelloSimpleDraw\08_HelloSimpleDraw.vcxproj", "{5C7CA6EB-6ACA-4216-9F3B-7F5FD4BEF9A5}"
EndProject
Project("{8BC9CEB8-8B4A-11D0-8D11-00A0C91BC942}") = "07_HelloImGUI", "VGP330\07_HelloImGUI\07_HelloImGUI.vcxproj", "{87E6D1B8-31C9-45C4-8A3A-87FC48D304F1}"
EndProject
Project("{8BC9CEB8-8B4A-11D0-8D11-00A0C91BC942}") = "09_HelloLighting", "VGP330\09_HelloLighting\09_HelloLighting.vcxproj", "{406C92B2-AEEF-42C0-943B-6777FCEF0405}"
EndProject
Project("{8BC9CEB8-8B4A-11D0-8D11-00A0C91BC942}") = "10_HelloEarth", "VGP330\10_HelloEarth\10_HelloEarth.vcxproj", "{A9C16B23-04FC-4AB9-ACAD-846BA5A48253}"
EndProject
Project("{8BC9CEB8-8B4A-11D0-8D11-00A0C91BC942}") = "11_HelloPostProcessing", "VGP330\11_HelloPostProcessing\11_HelloPostProcessing.vcxproj", "{F4C1312A-8FD1-42F7-B0BE-0A797C3A6F08}"
EndProject
Project("{8BC9CEB8-8B4A-11D0-8D11-00A0C91BC942}") = "12_HelloTank", "VGP330\12_HelloTank\12_HelloTank.vcxproj", "{EEBF44A6-1479-4255-9885-30AF8DF231B2}"
EndProject
Project("{2150E333-8FDC-42A3-9474-1A3956D46DE8}") = "Models", "Models", "{9D0B419E-D237-4726-BD93-E7D0BB3C586E}"
EndProject
Project("{2150E333-8FDC-42A3-9474-1A3956D46DE8}") = "Tank", "Tank", "{BB51DA88-F058-49C3-BC0C-FB6D9FC3D88B}"
	ProjectSection(SolutionItems) = preProject
		Assets\Models\Tank\tank.mtl = Assets\Models\Tank\tank.mtl
		Assets\Models\Tank\tank.obj = Assets\Models\Tank\tank.obj
		Assets\Models\Tank\tank_ao.jpg = Assets\Models\Tank\tank_ao.jpg
		Assets\Models\Tank\tank_diffuse.jpg = Assets\Models\Tank\tank_diffuse.jpg
		Assets\Models\Tank\tank_gloss.jpg = Assets\Models\Tank\tank_gloss.jpg
		Assets\Models\Tank\tank_normal.jpg = Assets\Models\Tank\tank_normal.jpg
		Assets\Models\Tank\tank_specular.jpg = Assets\Models\Tank\tank_specular.jpg
	EndProjectSection
EndProject
Project("{8BC9CEB8-8B4A-11D0-8D11-00A0C91BC942}") = "13_HelloMultiTanks", "VGP330\13_HelloMultiTanks\13_HelloMultiTanks.vcxproj", "{1DF6F8DE-DD7C-4A4B-979B-130B6BB71590}"
EndProject
Project("{8BC9CEB8-8B4A-11D0-8D11-00A0C91BC942}") = "FinalProjectShader", "VGP330\FinalProjectShader\FinalProjectShader.vcxproj", "{C5323CE7-360E-4F3D-B309-A0C432403DED}"
EndProject
Project("{8BC9CEB8-8B4A-11D0-8D11-00A0C91BC942}") = "14_HelloTerrain", "VGP330\14_HelloTerrain\14_HelloTerrain.vcxproj", "{B491B6F5-68FE-4213-8D21-5C2FEFAEDD45}"
EndProject
Project("{2150E333-8FDC-42A3-9474-1A3956D46DE8}") = "VGP334", "VGP334", "{1A4E434A-B36C-4D38-AD8B-D0156E1ABFF1}"
EndProject
Project("{8BC9CEB8-8B4A-11D0-8D11-00A0C91BC942}") = "15_HelloAnimation", "VGP334\15_HelloAnimation\15_HelloAnimation.vcxproj", "{3805025D-D2E2-4C5A-A2A7-BD8D85C557C3}"
EndProject
Project("{2150E333-8FDC-42A3-9474-1A3956D46DE8}") = "Tools", "Tools", "{44CCF308-0B87-4447-A72B-BC86C2B45BCB}"
EndProject
Project("{8BC9CEB8-8B4A-11D0-8D11-00A0C91BC942}") = "16_HelloModel", "VGP334\16_HelloModel\16_HelloModel.vcxproj", "{DCFF93B9-9BC9-4853-BADE-780716D6BD22}"
EndProject
Project("{8BC9CEB8-8B4A-11D0-8D11-00A0C91BC942}") = "17_HelloSkeleton", "VGP334\17_HelloSkeleton\17_HelloSkeleton.vcxproj", "{E9A746D8-FB95-482D-8EBB-CE6E70526C7B}"
EndProject
Project("{8BC9CEB8-8B4A-11D0-8D11-00A0C91BC942}") = "ModelImporter", "Tools\ModelImporter\ModelImporter.vcxproj", "{148A552E-AE34-4680-A74A-803531BD7112}"
EndProject
Project("{8BC9CEB8-8B4A-11D0-8D11-00A0C91BC942}") = "Physics", "Framework\Physics\Physics.vcxproj", "{296431C7-9BDE-46B1-8884-7A5E31637A29}"
EndProject
Project("{8BC9CEB8-8B4A-11D0-8D11-00A0C91BC942}") = "18_HelloPhysics", "VGP334\18_HelloPhysics\18_HelloPhysics.vcxproj", "{BC03848A-3C34-4802-8E07-F77AF5B58EB4}"
EndProject
Project("{8BC9CEB8-8B4A-11D0-8D11-00A0C91BC942}") = "19_HelloSkeletalAnimation", "VGP334\19_HelloAnimationMovement\19_HelloAnimationMovement.vcxproj", "{24DC8272-0F5C-4F12-B38F-144E2B2DE03A}"
EndProject
Project("{8BC9CEB8-8B4A-11D0-8D11-00A0C91BC942}") = "20_HelloFABRIK", "VGP334\20_HelloFABRIK\20_HelloFABRIK.vcxproj", "{B7EABE13-60D3-4161-B032-EAF2721AFCCB}"
EndProject
Project("{2150E333-8FDC-42A3-9474-1A3956D46DE8}") = "VGP336", "VGP336", "{6AFE196D-B1D3-40A9-8943-5600AAB2A8F8}"
EndProject
Project("{8BC9CEB8-8B4A-11D0-8D11-00A0C91BC942}") = "CoreTest", "UnitTests\CoreTest\CoreTest.vcxproj", "{5B885FF3-4105-454D-87EB-E03BF1077BA4}"
EndProject
Project("{2150E333-8FDC-42A3-9474-1A3956D46DE8}") = "App", "App", "{1946E09E-D13E-4657-B937-4FCEA5F2C475}"
EndProject
Project("{8BC9CEB8-8B4A-11D0-8D11-00A0C91BC942}") = "TestGame", "App\TestGame\TestGame.vcxproj", "{DB2337A3-63B7-4242-B063-D548658532FB}"
EndProject
Project("{2150E333-8FDC-42A3-9474-1A3956D46DE8}") = "Templates", "Templates", "{FCD1AB0F-C8F5-455D-9A6A-5B3BB56F9DA2}"
	ProjectSection(SolutionItems) = preProject
		Assets\Templates\FatBox.json = Assets\Templates\FatBox.json
		Assets\Templates\LongBox.json = Assets\Templates\LongBox.json
		Assets\Templates\TallBox.json = Assets\Templates\TallBox.json
		Assets\Templates\test.json = Assets\Templates\test.json
	EndProjectSection
EndProject
Project("{2150E333-8FDC-42A3-9474-1A3956D46DE8}") = "Skybox", "Skybox", "{F8CA14BD-8283-437D-879D-A53352073EDD}"
	ProjectSection(SolutionItems) = preProject
		Assets\Skybox\0.png = Assets\Skybox\0.png
		Assets\Skybox\1.png = Assets\Skybox\1.png
		Assets\Skybox\2.png = Assets\Skybox\2.png
		Assets\Skybox\3.png = Assets\Skybox\3.png
		Assets\Skybox\4.png = Assets\Skybox\4.png
		Assets\Skybox\5.png = Assets\Skybox\5.png
		Assets\Skybox\nightsky.jpeg = Assets\Skybox\nightsky.jpeg
	EndProjectSection
EndProject
Project("{8BC9CEB8-8B4A-11D0-8D11-00A0C91BC942}") = "DirectXTK_Desktop_2019", "External\DirectXTK\DirectXTK_Desktop_2019.vcxproj", "{E0B52AE7-E160-4D32-BF3F-910B785E5A8E}"
EndProject
Global
	GlobalSection(SolutionConfigurationPlatforms) = preSolution
		Debug|x64 = Debug|x64
		Debug|x86 = Debug|x86
		Release|x64 = Release|x64
		Release|x86 = Release|x86
	EndGlobalSection
	GlobalSection(ProjectConfigurationPlatforms) = postSolution
		{51BBFB0E-8189-4062-A37C-C7D12F36D63E}.Debug|x64.ActiveCfg = Debug|x64
		{51BBFB0E-8189-4062-A37C-C7D12F36D63E}.Debug|x64.Build.0 = Debug|x64
		{51BBFB0E-8189-4062-A37C-C7D12F36D63E}.Debug|x86.ActiveCfg = Debug|Win32
		{51BBFB0E-8189-4062-A37C-C7D12F36D63E}.Debug|x86.Build.0 = Debug|Win32
		{51BBFB0E-8189-4062-A37C-C7D12F36D63E}.Release|x64.ActiveCfg = Release|x64
		{51BBFB0E-8189-4062-A37C-C7D12F36D63E}.Release|x64.Build.0 = Release|x64
		{51BBFB0E-8189-4062-A37C-C7D12F36D63E}.Release|x86.ActiveCfg = Release|Win32
		{51BBFB0E-8189-4062-A37C-C7D12F36D63E}.Release|x86.Build.0 = Release|Win32
		{493B0904-9B79-45E6-9323-F432BDADFF0A}.Debug|x64.ActiveCfg = Debug|x64
		{493B0904-9B79-45E6-9323-F432BDADFF0A}.Debug|x64.Build.0 = Debug|x64
		{493B0904-9B79-45E6-9323-F432BDADFF0A}.Debug|x86.ActiveCfg = Debug|Win32
		{493B0904-9B79-45E6-9323-F432BDADFF0A}.Debug|x86.Build.0 = Debug|Win32
		{493B0904-9B79-45E6-9323-F432BDADFF0A}.Release|x64.ActiveCfg = Release|x64
		{493B0904-9B79-45E6-9323-F432BDADFF0A}.Release|x64.Build.0 = Release|x64
		{493B0904-9B79-45E6-9323-F432BDADFF0A}.Release|x86.ActiveCfg = Release|Win32
		{493B0904-9B79-45E6-9323-F432BDADFF0A}.Release|x86.Build.0 = Release|Win32
		{731538ED-9773-47EF-B5CD-3EF63A875FE2}.Debug|x64.ActiveCfg = Debug|x64
		{731538ED-9773-47EF-B5CD-3EF63A875FE2}.Debug|x64.Build.0 = Debug|x64
		{731538ED-9773-47EF-B5CD-3EF63A875FE2}.Debug|x86.ActiveCfg = Debug|Win32
		{731538ED-9773-47EF-B5CD-3EF63A875FE2}.Debug|x86.Build.0 = Debug|Win32
		{731538ED-9773-47EF-B5CD-3EF63A875FE2}.Release|x64.ActiveCfg = Release|x64
		{731538ED-9773-47EF-B5CD-3EF63A875FE2}.Release|x64.Build.0 = Release|x64
		{731538ED-9773-47EF-B5CD-3EF63A875FE2}.Release|x86.ActiveCfg = Release|Win32
		{731538ED-9773-47EF-B5CD-3EF63A875FE2}.Release|x86.Build.0 = Release|Win32
		{AEE2C1E5-EA0E-4A11-BC99-F970270FB61A}.Debug|x64.ActiveCfg = Debug|x64
		{AEE2C1E5-EA0E-4A11-BC99-F970270FB61A}.Debug|x64.Build.0 = Debug|x64
		{AEE2C1E5-EA0E-4A11-BC99-F970270FB61A}.Debug|x86.ActiveCfg = Debug|Win32
		{AEE2C1E5-EA0E-4A11-BC99-F970270FB61A}.Debug|x86.Build.0 = Debug|Win32
		{AEE2C1E5-EA0E-4A11-BC99-F970270FB61A}.Release|x64.ActiveCfg = Release|x64
		{AEE2C1E5-EA0E-4A11-BC99-F970270FB61A}.Release|x64.Build.0 = Release|x64
		{AEE2C1E5-EA0E-4A11-BC99-F970270FB61A}.Release|x86.ActiveCfg = Release|Win32
		{AEE2C1E5-EA0E-4A11-BC99-F970270FB61A}.Release|x86.Build.0 = Release|Win32
		{80F59B4F-B569-45B1-B38C-59698EAF47D2}.Debug|x64.ActiveCfg = Debug|x64
		{80F59B4F-B569-45B1-B38C-59698EAF47D2}.Debug|x64.Build.0 = Debug|x64
		{80F59B4F-B569-45B1-B38C-59698EAF47D2}.Debug|x86.ActiveCfg = Debug|Win32
		{80F59B4F-B569-45B1-B38C-59698EAF47D2}.Debug|x86.Build.0 = Debug|Win32
		{80F59B4F-B569-45B1-B38C-59698EAF47D2}.Release|x64.ActiveCfg = Release|x64
		{80F59B4F-B569-45B1-B38C-59698EAF47D2}.Release|x64.Build.0 = Release|x64
		{80F59B4F-B569-45B1-B38C-59698EAF47D2}.Release|x86.ActiveCfg = Release|Win32
		{80F59B4F-B569-45B1-B38C-59698EAF47D2}.Release|x86.Build.0 = Release|Win32
		{06E6ABDE-CF57-4616-A611-454834E8C04A}.Debug|x64.ActiveCfg = Debug|x64
		{06E6ABDE-CF57-4616-A611-454834E8C04A}.Debug|x64.Build.0 = Debug|x64
		{06E6ABDE-CF57-4616-A611-454834E8C04A}.Debug|x86.ActiveCfg = Debug|Win32
		{06E6ABDE-CF57-4616-A611-454834E8C04A}.Debug|x86.Build.0 = Debug|Win32
		{06E6ABDE-CF57-4616-A611-454834E8C04A}.Release|x64.ActiveCfg = Release|x64
		{06E6ABDE-CF57-4616-A611-454834E8C04A}.Release|x64.Build.0 = Release|x64
		{06E6ABDE-CF57-4616-A611-454834E8C04A}.Release|x86.ActiveCfg = Release|Win32
		{06E6ABDE-CF57-4616-A611-454834E8C04A}.Release|x86.Build.0 = Release|Win32
		{02DC0CE5-72DF-4F89-8AF2-FF9C0E351A1A}.Debug|x64.ActiveCfg = Debug|x64
		{02DC0CE5-72DF-4F89-8AF2-FF9C0E351A1A}.Debug|x64.Build.0 = Debug|x64
		{02DC0CE5-72DF-4F89-8AF2-FF9C0E351A1A}.Debug|x86.ActiveCfg = Debug|Win32
		{02DC0CE5-72DF-4F89-8AF2-FF9C0E351A1A}.Debug|x86.Build.0 = Debug|Win32
		{02DC0CE5-72DF-4F89-8AF2-FF9C0E351A1A}.Release|x64.ActiveCfg = Release|x64
		{02DC0CE5-72DF-4F89-8AF2-FF9C0E351A1A}.Release|x64.Build.0 = Release|x64
		{02DC0CE5-72DF-4F89-8AF2-FF9C0E351A1A}.Release|x86.ActiveCfg = Release|Win32
		{02DC0CE5-72DF-4F89-8AF2-FF9C0E351A1A}.Release|x86.Build.0 = Release|Win32
		{8AB329B4-B688-4CDF-95A8-B5DB14A4D463}.Debug|x64.ActiveCfg = Debug|x64
		{8AB329B4-B688-4CDF-95A8-B5DB14A4D463}.Debug|x64.Build.0 = Debug|x64
		{8AB329B4-B688-4CDF-95A8-B5DB14A4D463}.Debug|x86.ActiveCfg = Debug|Win32
		{8AB329B4-B688-4CDF-95A8-B5DB14A4D463}.Debug|x86.Build.0 = Debug|Win32
		{8AB329B4-B688-4CDF-95A8-B5DB14A4D463}.Release|x64.ActiveCfg = Release|x64
		{8AB329B4-B688-4CDF-95A8-B5DB14A4D463}.Release|x64.Build.0 = Release|x64
		{8AB329B4-B688-4CDF-95A8-B5DB14A4D463}.Release|x86.ActiveCfg = Release|Win32
		{8AB329B4-B688-4CDF-95A8-B5DB14A4D463}.Release|x86.Build.0 = Release|Win32
		{AAE2BCFA-0CDB-4DDB-AAB5-4A6AE9155441}.Debug|x64.ActiveCfg = Debug|x64
		{AAE2BCFA-0CDB-4DDB-AAB5-4A6AE9155441}.Debug|x64.Build.0 = Debug|x64
		{AAE2BCFA-0CDB-4DDB-AAB5-4A6AE9155441}.Debug|x86.ActiveCfg = Debug|Win32
		{AAE2BCFA-0CDB-4DDB-AAB5-4A6AE9155441}.Debug|x86.Build.0 = Debug|Win32
		{AAE2BCFA-0CDB-4DDB-AAB5-4A6AE9155441}.Release|x64.ActiveCfg = Release|x64
		{AAE2BCFA-0CDB-4DDB-AAB5-4A6AE9155441}.Release|x64.Build.0 = Release|x64
		{AAE2BCFA-0CDB-4DDB-AAB5-4A6AE9155441}.Release|x86.ActiveCfg = Release|Win32
		{AAE2BCFA-0CDB-4DDB-AAB5-4A6AE9155441}.Release|x86.Build.0 = Release|Win32
		{1D6B4F05-1CEB-4F31-904A-8165C64F67F8}.Debug|x64.ActiveCfg = Debug|x64
		{1D6B4F05-1CEB-4F31-904A-8165C64F67F8}.Debug|x64.Build.0 = Debug|x64
		{1D6B4F05-1CEB-4F31-904A-8165C64F67F8}.Debug|x86.ActiveCfg = Debug|Win32
		{1D6B4F05-1CEB-4F31-904A-8165C64F67F8}.Debug|x86.Build.0 = Debug|Win32
		{1D6B4F05-1CEB-4F31-904A-8165C64F67F8}.Release|x64.ActiveCfg = Release|x64
		{1D6B4F05-1CEB-4F31-904A-8165C64F67F8}.Release|x64.Build.0 = Release|x64
		{1D6B4F05-1CEB-4F31-904A-8165C64F67F8}.Release|x86.ActiveCfg = Release|Win32
		{1D6B4F05-1CEB-4F31-904A-8165C64F67F8}.Release|x86.Build.0 = Release|Win32
		{4255380D-F24D-47C0-9D9D-55F607315C08}.Debug|x64.ActiveCfg = Debug|x64
		{4255380D-F24D-47C0-9D9D-55F607315C08}.Debug|x64.Build.0 = Debug|x64
		{4255380D-F24D-47C0-9D9D-55F607315C08}.Debug|x86.ActiveCfg = Debug|Win32
		{4255380D-F24D-47C0-9D9D-55F607315C08}.Debug|x86.Build.0 = Debug|Win32
		{4255380D-F24D-47C0-9D9D-55F607315C08}.Release|x64.ActiveCfg = Release|x64
		{4255380D-F24D-47C0-9D9D-55F607315C08}.Release|x64.Build.0 = Release|x64
		{4255380D-F24D-47C0-9D9D-55F607315C08}.Release|x86.ActiveCfg = Release|Win32
		{4255380D-F24D-47C0-9D9D-55F607315C08}.Release|x86.Build.0 = Release|Win32
		{092CA424-2824-4FF2-B439-59AB5BC3C82C}.Debug|x64.ActiveCfg = Debug|x64
		{092CA424-2824-4FF2-B439-59AB5BC3C82C}.Debug|x64.Build.0 = Debug|x64
		{092CA424-2824-4FF2-B439-59AB5BC3C82C}.Debug|x86.ActiveCfg = Debug|Win32
		{092CA424-2824-4FF2-B439-59AB5BC3C82C}.Debug|x86.Build.0 = Debug|Win32
		{092CA424-2824-4FF2-B439-59AB5BC3C82C}.Release|x64.ActiveCfg = Release|x64
		{092CA424-2824-4FF2-B439-59AB5BC3C82C}.Release|x64.Build.0 = Release|x64
		{092CA424-2824-4FF2-B439-59AB5BC3C82C}.Release|x86.ActiveCfg = Release|Win32
		{092CA424-2824-4FF2-B439-59AB5BC3C82C}.Release|x86.Build.0 = Release|Win32
		{B214CB4C-CFA8-4CED-8115-CA4D2DF0A050}.Debug|x64.ActiveCfg = Debug|x64
		{B214CB4C-CFA8-4CED-8115-CA4D2DF0A050}.Debug|x64.Build.0 = Debug|x64
		{B214CB4C-CFA8-4CED-8115-CA4D2DF0A050}.Debug|x86.ActiveCfg = Debug|Win32
		{B214CB4C-CFA8-4CED-8115-CA4D2DF0A050}.Debug|x86.Build.0 = Debug|Win32
		{B214CB4C-CFA8-4CED-8115-CA4D2DF0A050}.Release|x64.ActiveCfg = Release|x64
		{B214CB4C-CFA8-4CED-8115-CA4D2DF0A050}.Release|x64.Build.0 = Release|x64
		{B214CB4C-CFA8-4CED-8115-CA4D2DF0A050}.Release|x86.ActiveCfg = Release|Win32
		{B214CB4C-CFA8-4CED-8115-CA4D2DF0A050}.Release|x86.Build.0 = Release|Win32
		{A8E2E27E-2654-4B7B-85AB-38B7B8F817D6}.Debug|x64.ActiveCfg = Debug|x64
		{A8E2E27E-2654-4B7B-85AB-38B7B8F817D6}.Debug|x64.Build.0 = Debug|x64
		{A8E2E27E-2654-4B7B-85AB-38B7B8F817D6}.Debug|x86.ActiveCfg = Debug|Win32
		{A8E2E27E-2654-4B7B-85AB-38B7B8F817D6}.Debug|x86.Build.0 = Debug|Win32
		{A8E2E27E-2654-4B7B-85AB-38B7B8F817D6}.Release|x64.ActiveCfg = Release|x64
		{A8E2E27E-2654-4B7B-85AB-38B7B8F817D6}.Release|x64.Build.0 = Release|x64
		{A8E2E27E-2654-4B7B-85AB-38B7B8F817D6}.Release|x86.ActiveCfg = Release|Win32
		{A8E2E27E-2654-4B7B-85AB-38B7B8F817D6}.Release|x86.Build.0 = Release|Win32
		{5C7CA6EB-6ACA-4216-9F3B-7F5FD4BEF9A5}.Debug|x64.ActiveCfg = Debug|x64
		{5C7CA6EB-6ACA-4216-9F3B-7F5FD4BEF9A5}.Debug|x64.Build.0 = Debug|x64
		{5C7CA6EB-6ACA-4216-9F3B-7F5FD4BEF9A5}.Debug|x86.ActiveCfg = Debug|Win32
		{5C7CA6EB-6ACA-4216-9F3B-7F5FD4BEF9A5}.Debug|x86.Build.0 = Debug|Win32
		{5C7CA6EB-6ACA-4216-9F3B-7F5FD4BEF9A5}.Release|x64.ActiveCfg = Release|x64
		{5C7CA6EB-6ACA-4216-9F3B-7F5FD4BEF9A5}.Release|x64.Build.0 = Release|x64
		{5C7CA6EB-6ACA-4216-9F3B-7F5FD4BEF9A5}.Release|x86.ActiveCfg = Release|Win32
		{5C7CA6EB-6ACA-4216-9F3B-7F5FD4BEF9A5}.Release|x86.Build.0 = Release|Win32
		{87E6D1B8-31C9-45C4-8A3A-87FC48D304F1}.Debug|x64.ActiveCfg = Debug|x64
		{87E6D1B8-31C9-45C4-8A3A-87FC48D304F1}.Debug|x64.Build.0 = Debug|x64
		{87E6D1B8-31C9-45C4-8A3A-87FC48D304F1}.Debug|x86.ActiveCfg = Debug|Win32
		{87E6D1B8-31C9-45C4-8A3A-87FC48D304F1}.Debug|x86.Build.0 = Debug|Win32
		{87E6D1B8-31C9-45C4-8A3A-87FC48D304F1}.Release|x64.ActiveCfg = Release|x64
		{87E6D1B8-31C9-45C4-8A3A-87FC48D304F1}.Release|x64.Build.0 = Release|x64
		{87E6D1B8-31C9-45C4-8A3A-87FC48D304F1}.Release|x86.ActiveCfg = Release|Win32
		{87E6D1B8-31C9-45C4-8A3A-87FC48D304F1}.Release|x86.Build.0 = Release|Win32
		{406C92B2-AEEF-42C0-943B-6777FCEF0405}.Debug|x64.ActiveCfg = Debug|x64
		{406C92B2-AEEF-42C0-943B-6777FCEF0405}.Debug|x64.Build.0 = Debug|x64
		{406C92B2-AEEF-42C0-943B-6777FCEF0405}.Debug|x86.ActiveCfg = Debug|Win32
		{406C92B2-AEEF-42C0-943B-6777FCEF0405}.Debug|x86.Build.0 = Debug|Win32
		{406C92B2-AEEF-42C0-943B-6777FCEF0405}.Release|x64.ActiveCfg = Release|x64
		{406C92B2-AEEF-42C0-943B-6777FCEF0405}.Release|x64.Build.0 = Release|x64
		{406C92B2-AEEF-42C0-943B-6777FCEF0405}.Release|x86.ActiveCfg = Release|Win32
		{406C92B2-AEEF-42C0-943B-6777FCEF0405}.Release|x86.Build.0 = Release|Win32
		{A9C16B23-04FC-4AB9-ACAD-846BA5A48253}.Debug|x64.ActiveCfg = Debug|x64
		{A9C16B23-04FC-4AB9-ACAD-846BA5A48253}.Debug|x64.Build.0 = Debug|x64
		{A9C16B23-04FC-4AB9-ACAD-846BA5A48253}.Debug|x86.ActiveCfg = Debug|Win32
		{A9C16B23-04FC-4AB9-ACAD-846BA5A48253}.Debug|x86.Build.0 = Debug|Win32
		{A9C16B23-04FC-4AB9-ACAD-846BA5A48253}.Release|x64.ActiveCfg = Release|x64
		{A9C16B23-04FC-4AB9-ACAD-846BA5A48253}.Release|x64.Build.0 = Release|x64
		{A9C16B23-04FC-4AB9-ACAD-846BA5A48253}.Release|x86.ActiveCfg = Release|Win32
		{A9C16B23-04FC-4AB9-ACAD-846BA5A48253}.Release|x86.Build.0 = Release|Win32
		{F4C1312A-8FD1-42F7-B0BE-0A797C3A6F08}.Debug|x64.ActiveCfg = Debug|x64
		{F4C1312A-8FD1-42F7-B0BE-0A797C3A6F08}.Debug|x64.Build.0 = Debug|x64
		{F4C1312A-8FD1-42F7-B0BE-0A797C3A6F08}.Debug|x86.ActiveCfg = Debug|Win32
		{F4C1312A-8FD1-42F7-B0BE-0A797C3A6F08}.Debug|x86.Build.0 = Debug|Win32
		{F4C1312A-8FD1-42F7-B0BE-0A797C3A6F08}.Release|x64.ActiveCfg = Release|x64
		{F4C1312A-8FD1-42F7-B0BE-0A797C3A6F08}.Release|x64.Build.0 = Release|x64
		{F4C1312A-8FD1-42F7-B0BE-0A797C3A6F08}.Release|x86.ActiveCfg = Release|Win32
		{F4C1312A-8FD1-42F7-B0BE-0A797C3A6F08}.Release|x86.Build.0 = Release|Win32
		{EEBF44A6-1479-4255-9885-30AF8DF231B2}.Debug|x64.ActiveCfg = Debug|x64
		{EEBF44A6-1479-4255-9885-30AF8DF231B2}.Debug|x64.Build.0 = Debug|x64
		{EEBF44A6-1479-4255-9885-30AF8DF231B2}.Debug|x86.ActiveCfg = Debug|Win32
		{EEBF44A6-1479-4255-9885-30AF8DF231B2}.Debug|x86.Build.0 = Debug|Win32
		{EEBF44A6-1479-4255-9885-30AF8DF231B2}.Release|x64.ActiveCfg = Release|x64
		{EEBF44A6-1479-4255-9885-30AF8DF231B2}.Release|x64.Build.0 = Release|x64
		{EEBF44A6-1479-4255-9885-30AF8DF231B2}.Release|x86.ActiveCfg = Release|Win32
		{EEBF44A6-1479-4255-9885-30AF8DF231B2}.Release|x86.Build.0 = Release|Win32
		{1DF6F8DE-DD7C-4A4B-979B-130B6BB71590}.Debug|x64.ActiveCfg = Debug|x64
		{1DF6F8DE-DD7C-4A4B-979B-130B6BB71590}.Debug|x64.Build.0 = Debug|x64
		{1DF6F8DE-DD7C-4A4B-979B-130B6BB71590}.Debug|x86.ActiveCfg = Debug|Win32
		{1DF6F8DE-DD7C-4A4B-979B-130B6BB71590}.Debug|x86.Build.0 = Debug|Win32
		{1DF6F8DE-DD7C-4A4B-979B-130B6BB71590}.Release|x64.ActiveCfg = Release|x64
		{1DF6F8DE-DD7C-4A4B-979B-130B6BB71590}.Release|x64.Build.0 = Release|x64
		{1DF6F8DE-DD7C-4A4B-979B-130B6BB71590}.Release|x86.ActiveCfg = Release|Win32
		{1DF6F8DE-DD7C-4A4B-979B-130B6BB71590}.Release|x86.Build.0 = Release|Win32
		{C5323CE7-360E-4F3D-B309-A0C432403DED}.Debug|x64.ActiveCfg = Debug|x64
		{C5323CE7-360E-4F3D-B309-A0C432403DED}.Debug|x64.Build.0 = Debug|x64
		{C5323CE7-360E-4F3D-B309-A0C432403DED}.Debug|x86.ActiveCfg = Debug|Win32
		{C5323CE7-360E-4F3D-B309-A0C432403DED}.Debug|x86.Build.0 = Debug|Win32
		{C5323CE7-360E-4F3D-B309-A0C432403DED}.Release|x64.ActiveCfg = Release|x64
		{C5323CE7-360E-4F3D-B309-A0C432403DED}.Release|x64.Build.0 = Release|x64
		{C5323CE7-360E-4F3D-B309-A0C432403DED}.Release|x86.ActiveCfg = Release|Win32
		{C5323CE7-360E-4F3D-B309-A0C432403DED}.Release|x86.Build.0 = Release|Win32
		{B491B6F5-68FE-4213-8D21-5C2FEFAEDD45}.Debug|x64.ActiveCfg = Debug|x64
		{B491B6F5-68FE-4213-8D21-5C2FEFAEDD45}.Debug|x64.Build.0 = Debug|x64
		{B491B6F5-68FE-4213-8D21-5C2FEFAEDD45}.Debug|x86.ActiveCfg = Debug|Win32
		{B491B6F5-68FE-4213-8D21-5C2FEFAEDD45}.Debug|x86.Build.0 = Debug|Win32
		{B491B6F5-68FE-4213-8D21-5C2FEFAEDD45}.Release|x64.ActiveCfg = Release|x64
		{B491B6F5-68FE-4213-8D21-5C2FEFAEDD45}.Release|x64.Build.0 = Release|x64
		{B491B6F5-68FE-4213-8D21-5C2FEFAEDD45}.Release|x86.ActiveCfg = Release|Win32
		{B491B6F5-68FE-4213-8D21-5C2FEFAEDD45}.Release|x86.Build.0 = Release|Win32
		{3805025D-D2E2-4C5A-A2A7-BD8D85C557C3}.Debug|x64.ActiveCfg = Debug|x64
		{3805025D-D2E2-4C5A-A2A7-BD8D85C557C3}.Debug|x64.Build.0 = Debug|x64
		{3805025D-D2E2-4C5A-A2A7-BD8D85C557C3}.Debug|x86.ActiveCfg = Debug|Win32
		{3805025D-D2E2-4C5A-A2A7-BD8D85C557C3}.Debug|x86.Build.0 = Debug|Win32
		{3805025D-D2E2-4C5A-A2A7-BD8D85C557C3}.Release|x64.ActiveCfg = Release|x64
		{3805025D-D2E2-4C5A-A2A7-BD8D85C557C3}.Release|x64.Build.0 = Release|x64
		{3805025D-D2E2-4C5A-A2A7-BD8D85C557C3}.Release|x86.ActiveCfg = Release|Win32
		{3805025D-D2E2-4C5A-A2A7-BD8D85C557C3}.Release|x86.Build.0 = Release|Win32
		{DCFF93B9-9BC9-4853-BADE-780716D6BD22}.Debug|x64.ActiveCfg = Debug|x64
		{DCFF93B9-9BC9-4853-BADE-780716D6BD22}.Debug|x64.Build.0 = Debug|x64
		{DCFF93B9-9BC9-4853-BADE-780716D6BD22}.Debug|x86.ActiveCfg = Debug|Win32
		{DCFF93B9-9BC9-4853-BADE-780716D6BD22}.Debug|x86.Build.0 = Debug|Win32
		{DCFF93B9-9BC9-4853-BADE-780716D6BD22}.Release|x64.ActiveCfg = Release|x64
		{DCFF93B9-9BC9-4853-BADE-780716D6BD22}.Release|x64.Build.0 = Release|x64
		{DCFF93B9-9BC9-4853-BADE-780716D6BD22}.Release|x86.ActiveCfg = Release|Win32
		{DCFF93B9-9BC9-4853-BADE-780716D6BD22}.Release|x86.Build.0 = Release|Win32
		{E9A746D8-FB95-482D-8EBB-CE6E70526C7B}.Debug|x64.ActiveCfg = Debug|x64
		{E9A746D8-FB95-482D-8EBB-CE6E70526C7B}.Debug|x64.Build.0 = Debug|x64
		{E9A746D8-FB95-482D-8EBB-CE6E70526C7B}.Debug|x86.ActiveCfg = Debug|Win32
		{E9A746D8-FB95-482D-8EBB-CE6E70526C7B}.Debug|x86.Build.0 = Debug|Win32
		{E9A746D8-FB95-482D-8EBB-CE6E70526C7B}.Release|x64.ActiveCfg = Release|x64
		{E9A746D8-FB95-482D-8EBB-CE6E70526C7B}.Release|x64.Build.0 = Release|x64
		{E9A746D8-FB95-482D-8EBB-CE6E70526C7B}.Release|x86.ActiveCfg = Release|Win32
		{E9A746D8-FB95-482D-8EBB-CE6E70526C7B}.Release|x86.Build.0 = Release|Win32
		{148A552E-AE34-4680-A74A-803531BD7112}.Debug|x64.ActiveCfg = Debug|x64
		{148A552E-AE34-4680-A74A-803531BD7112}.Debug|x64.Build.0 = Debug|x64
		{148A552E-AE34-4680-A74A-803531BD7112}.Debug|x86.ActiveCfg = Debug|Win32
		{148A552E-AE34-4680-A74A-803531BD7112}.Debug|x86.Build.0 = Debug|Win32
		{148A552E-AE34-4680-A74A-803531BD7112}.Release|x64.ActiveCfg = Release|x64
		{148A552E-AE34-4680-A74A-803531BD7112}.Release|x64.Build.0 = Release|x64
		{148A552E-AE34-4680-A74A-803531BD7112}.Release|x86.ActiveCfg = Release|Win32
		{148A552E-AE34-4680-A74A-803531BD7112}.Release|x86.Build.0 = Release|Win32
		{296431C7-9BDE-46B1-8884-7A5E31637A29}.Debug|x64.ActiveCfg = Debug|x64
		{296431C7-9BDE-46B1-8884-7A5E31637A29}.Debug|x64.Build.0 = Debug|x64
		{296431C7-9BDE-46B1-8884-7A5E31637A29}.Debug|x86.ActiveCfg = Debug|Win32
		{296431C7-9BDE-46B1-8884-7A5E31637A29}.Debug|x86.Build.0 = Debug|Win32
		{296431C7-9BDE-46B1-8884-7A5E31637A29}.Release|x64.ActiveCfg = Release|x64
		{296431C7-9BDE-46B1-8884-7A5E31637A29}.Release|x64.Build.0 = Release|x64
		{296431C7-9BDE-46B1-8884-7A5E31637A29}.Release|x86.ActiveCfg = Release|Win32
		{296431C7-9BDE-46B1-8884-7A5E31637A29}.Release|x86.Build.0 = Release|Win32
		{BC03848A-3C34-4802-8E07-F77AF5B58EB4}.Debug|x64.ActiveCfg = Debug|x64
		{BC03848A-3C34-4802-8E07-F77AF5B58EB4}.Debug|x64.Build.0 = Debug|x64
		{BC03848A-3C34-4802-8E07-F77AF5B58EB4}.Debug|x86.ActiveCfg = Debug|Win32
		{BC03848A-3C34-4802-8E07-F77AF5B58EB4}.Debug|x86.Build.0 = Debug|Win32
		{BC03848A-3C34-4802-8E07-F77AF5B58EB4}.Release|x64.ActiveCfg = Release|x64
		{BC03848A-3C34-4802-8E07-F77AF5B58EB4}.Release|x64.Build.0 = Release|x64
		{BC03848A-3C34-4802-8E07-F77AF5B58EB4}.Release|x86.ActiveCfg = Release|Win32
		{BC03848A-3C34-4802-8E07-F77AF5B58EB4}.Release|x86.Build.0 = Release|Win32
		{24DC8272-0F5C-4F12-B38F-144E2B2DE03A}.Debug|x64.ActiveCfg = Debug|x64
		{24DC8272-0F5C-4F12-B38F-144E2B2DE03A}.Debug|x64.Build.0 = Debug|x64
		{24DC8272-0F5C-4F12-B38F-144E2B2DE03A}.Debug|x86.ActiveCfg = Debug|Win32
		{24DC8272-0F5C-4F12-B38F-144E2B2DE03A}.Debug|x86.Build.0 = Debug|Win32
		{24DC8272-0F5C-4F12-B38F-144E2B2DE03A}.Release|x64.ActiveCfg = Release|x64
		{24DC8272-0F5C-4F12-B38F-144E2B2DE03A}.Release|x64.Build.0 = Release|x64
		{24DC8272-0F5C-4F12-B38F-144E2B2DE03A}.Release|x86.ActiveCfg = Release|Win32
		{24DC8272-0F5C-4F12-B38F-144E2B2DE03A}.Release|x86.Build.0 = Release|Win32
		{B7EABE13-60D3-4161-B032-EAF2721AFCCB}.Debug|x64.ActiveCfg = Debug|x64
		{B7EABE13-60D3-4161-B032-EAF2721AFCCB}.Debug|x64.Build.0 = Debug|x64
		{B7EABE13-60D3-4161-B032-EAF2721AFCCB}.Debug|x86.ActiveCfg = Debug|Win32
		{B7EABE13-60D3-4161-B032-EAF2721AFCCB}.Debug|x86.Build.0 = Debug|Win32
		{B7EABE13-60D3-4161-B032-EAF2721AFCCB}.Release|x64.ActiveCfg = Release|x64
		{B7EABE13-60D3-4161-B032-EAF2721AFCCB}.Release|x64.Build.0 = Release|x64
		{B7EABE13-60D3-4161-B032-EAF2721AFCCB}.Release|x86.ActiveCfg = Release|Win32
		{B7EABE13-60D3-4161-B032-EAF2721AFCCB}.Release|x86.Build.0 = Release|Win32
		{5B885FF3-4105-454D-87EB-E03BF1077BA4}.Debug|x64.ActiveCfg = Debug|x64
		{5B885FF3-4105-454D-87EB-E03BF1077BA4}.Debug|x64.Build.0 = Debug|x64
		{5B885FF3-4105-454D-87EB-E03BF1077BA4}.Debug|x86.ActiveCfg = Debug|Win32
		{5B885FF3-4105-454D-87EB-E03BF1077BA4}.Debug|x86.Build.0 = Debug|Win32
		{5B885FF3-4105-454D-87EB-E03BF1077BA4}.Release|x64.ActiveCfg = Release|x64
		{5B885FF3-4105-454D-87EB-E03BF1077BA4}.Release|x64.Build.0 = Release|x64
		{5B885FF3-4105-454D-87EB-E03BF1077BA4}.Release|x86.ActiveCfg = Release|Win32
		{5B885FF3-4105-454D-87EB-E03BF1077BA4}.Release|x86.Build.0 = Release|Win32
		{DB2337A3-63B7-4242-B063-D548658532FB}.Debug|x64.ActiveCfg = Debug|x64
		{DB2337A3-63B7-4242-B063-D548658532FB}.Debug|x64.Build.0 = Debug|x64
		{DB2337A3-63B7-4242-B063-D548658532FB}.Debug|x86.ActiveCfg = Debug|Win32
		{DB2337A3-63B7-4242-B063-D548658532FB}.Debug|x86.Build.0 = Debug|Win32
		{DB2337A3-63B7-4242-B063-D548658532FB}.Release|x64.ActiveCfg = Release|x64
		{DB2337A3-63B7-4242-B063-D548658532FB}.Release|x64.Build.0 = Release|x64
		{DB2337A3-63B7-4242-B063-D548658532FB}.Release|x86.ActiveCfg = Release|Win32
		{DB2337A3-63B7-4242-B063-D548658532FB}.Release|x86.Build.0 = Release|Win32
		{E0B52AE7-E160-4D32-BF3F-910B785E5A8E}.Debug|x64.ActiveCfg = Debug|x64
		{E0B52AE7-E160-4D32-BF3F-910B785E5A8E}.Debug|x64.Build.0 = Debug|x64
		{E0B52AE7-E160-4D32-BF3F-910B785E5A8E}.Debug|x86.ActiveCfg = Debug|Win32
		{E0B52AE7-E160-4D32-BF3F-910B785E5A8E}.Debug|x86.Build.0 = Debug|Win32
		{E0B52AE7-E160-4D32-BF3F-910B785E5A8E}.Release|x64.ActiveCfg = Release|x64
		{E0B52AE7-E160-4D32-BF3F-910B785E5A8E}.Release|x64.Build.0 = Release|x64
		{E0B52AE7-E160-4D32-BF3F-910B785E5A8E}.Release|x86.ActiveCfg = Release|Win32
		{E0B52AE7-E160-4D32-BF3F-910B785E5A8E}.Release|x86.Build.0 = Release|Win32
	EndGlobalSection
	GlobalSection(SolutionProperties) = preSolution
		HideSolutionNode = FALSE
	EndGlobalSection
	GlobalSection(NestedProjects) = preSolution
		{51BBFB0E-8189-4062-A37C-C7D12F36D63E} = {785E24E3-7E66-427C-B387-3984C381F111}
		{493B0904-9B79-45E6-9323-F432BDADFF0A} = {785E24E3-7E66-427C-B387-3984C381F111}
		{731538ED-9773-47EF-B5CD-3EF63A875FE2} = {1B269B1F-DA50-4BF8-A6BD-C49255C41388}
		{AEE2C1E5-EA0E-4A11-BC99-F970270FB61A} = {76EE3A8A-A913-4CEE-8852-4B04510615B1}
		{80F59B4F-B569-45B1-B38C-59698EAF47D2} = {53380562-4A72-463B-97C7-0E2CCAA823DE}
		{06E6ABDE-CF57-4616-A611-454834E8C04A} = {785E24E3-7E66-427C-B387-3984C381F111}
		{02DC0CE5-72DF-4F89-8AF2-FF9C0E351A1A} = {785E24E3-7E66-427C-B387-3984C381F111}
		{8AB329B4-B688-4CDF-95A8-B5DB14A4D463} = {76EE3A8A-A913-4CEE-8852-4B04510615B1}
		{AAE2BCFA-0CDB-4DDB-AAB5-4A6AE9155441} = {76EE3A8A-A913-4CEE-8852-4B04510615B1}
		{5D45FD1D-1324-4E75-8B09-254BF134A92B} = {22AA661F-498E-45E0-A5DD-1FA8C3CE06AF}
		{1D6B4F05-1CEB-4F31-904A-8165C64F67F8} = {76EE3A8A-A913-4CEE-8852-4B04510615B1}
		{4255380D-F24D-47C0-9D9D-55F607315C08} = {76EE3A8A-A913-4CEE-8852-4B04510615B1}
		{092CA424-2824-4FF2-B439-59AB5BC3C82C} = {76EE3A8A-A913-4CEE-8852-4B04510615B1}
		{B214CB4C-CFA8-4CED-8115-CA4D2DF0A050} = {76EE3A8A-A913-4CEE-8852-4B04510615B1}
		{A8E2E27E-2654-4B7B-85AB-38B7B8F817D6} = {62AC3621-B44C-4A40-AB56-D9D3F5875CDF}
		{5C7CA6EB-6ACA-4216-9F3B-7F5FD4BEF9A5} = {436B3B8E-522B-4E4A-97C9-9344F9D2FB2E}
		{87E6D1B8-31C9-45C4-8A3A-87FC48D304F1} = {436B3B8E-522B-4E4A-97C9-9344F9D2FB2E}
		{406C92B2-AEEF-42C0-943B-6777FCEF0405} = {436B3B8E-522B-4E4A-97C9-9344F9D2FB2E}
		{A9C16B23-04FC-4AB9-ACAD-846BA5A48253} = {436B3B8E-522B-4E4A-97C9-9344F9D2FB2E}
		{F4C1312A-8FD1-42F7-B0BE-0A797C3A6F08} = {436B3B8E-522B-4E4A-97C9-9344F9D2FB2E}
		{EEBF44A6-1479-4255-9885-30AF8DF231B2} = {436B3B8E-522B-4E4A-97C9-9344F9D2FB2E}
		{9D0B419E-D237-4726-BD93-E7D0BB3C586E} = {22AA661F-498E-45E0-A5DD-1FA8C3CE06AF}
		{BB51DA88-F058-49C3-BC0C-FB6D9FC3D88B} = {9D0B419E-D237-4726-BD93-E7D0BB3C586E}
		{1DF6F8DE-DD7C-4A4B-979B-130B6BB71590} = {436B3B8E-522B-4E4A-97C9-9344F9D2FB2E}
		{C5323CE7-360E-4F3D-B309-A0C432403DED} = {436B3B8E-522B-4E4A-97C9-9344F9D2FB2E}
		{B491B6F5-68FE-4213-8D21-5C2FEFAEDD45} = {436B3B8E-522B-4E4A-97C9-9344F9D2FB2E}
		{3805025D-D2E2-4C5A-A2A7-BD8D85C557C3} = {1A4E434A-B36C-4D38-AD8B-D0156E1ABFF1}
		{DCFF93B9-9BC9-4853-BADE-780716D6BD22} = {1A4E434A-B36C-4D38-AD8B-D0156E1ABFF1}
		{E9A746D8-FB95-482D-8EBB-CE6E70526C7B} = {1A4E434A-B36C-4D38-AD8B-D0156E1ABFF1}
		{148A552E-AE34-4680-A74A-803531BD7112} = {44CCF308-0B87-4447-A72B-BC86C2B45BCB}
		{296431C7-9BDE-46B1-8884-7A5E31637A29} = {785E24E3-7E66-427C-B387-3984C381F111}
		{BC03848A-3C34-4802-8E07-F77AF5B58EB4} = {1A4E434A-B36C-4D38-AD8B-D0156E1ABFF1}
		{24DC8272-0F5C-4F12-B38F-144E2B2DE03A} = {1A4E434A-B36C-4D38-AD8B-D0156E1ABFF1}
		{B7EABE13-60D3-4161-B032-EAF2721AFCCB} = {1A4E434A-B36C-4D38-AD8B-D0156E1ABFF1}
		{5B885FF3-4105-454D-87EB-E03BF1077BA4} = {1B269B1F-DA50-4BF8-A6BD-C49255C41388}
		{DB2337A3-63B7-4242-B063-D548658532FB} = {1946E09E-D13E-4657-B937-4FCEA5F2C475}
		{FCD1AB0F-C8F5-455D-9A6A-5B3BB56F9DA2} = {22AA661F-498E-45E0-A5DD-1FA8C3CE06AF}
		{F8CA14BD-8283-437D-879D-A53352073EDD} = {22AA661F-498E-45E0-A5DD-1FA8C3CE06AF}
		{E0B52AE7-E160-4D32-BF3F-910B785E5A8E} = {62AC3621-B44C-4A40-AB56-D9D3F5875CDF}
	EndGlobalSection
	GlobalSection(ExtensibilityGlobals) = postSolution
		SolutionGuid = {115F641B-02C0-4AB8-AF22-58F8A0D99E34}
	EndGlobalSection
EndGlobal
